{
  "version": 4,
  "terraform_version": "1.12.0",
  "serial": 30,
  "lineage": "08e60a77-ac51-baeb-0ea3-bf68706fcba8",
  "outputs": {
    "website_url": {
      "value": "ahmmed-bucket-d6de6e9e2cc4a6b4.s3-website-us-east-1.amazonaws.com",
      "type": "string"
    }
  },
  "resources": [
    {
      "mode": "managed",
      "type": "aws_s3_bucket",
      "name": "s3bucket",
      "provider": "provider[\"registry.terraform.io/hashicorp/aws\"]",
      "instances": [
        {
          "schema_version": 0,
          "attributes": {
            "acceleration_status": "",
            "acl": null,
            "arn": "arn:aws:s3:::ahmmed-bucket-d6de6e9e2cc4a6b4",
            "bucket": "ahmmed-bucket-d6de6e9e2cc4a6b4",
            "bucket_domain_name": "ahmmed-bucket-d6de6e9e2cc4a6b4.s3.amazonaws.com",
            "bucket_prefix": "",
            "bucket_regional_domain_name": "ahmmed-bucket-d6de6e9e2cc4a6b4.s3.us-east-1.amazonaws.com",
            "cors_rule": [],
            "force_destroy": false,
            "grant": [
              {
                "id": "702586f2f63948505bb19ab4710272b6ee3403642c8916169ca192a710fe3226",
                "permissions": [
                  "FULL_CONTROL"
                ],
                "type": "CanonicalUser",
                "uri": ""
              }
            ],
            "hosted_zone_id": "Z3AQBSTGFYJSTF",
            "id": "ahmmed-bucket-d6de6e9e2cc4a6b4",
            "lifecycle_rule": [],
            "logging": [],
            "object_lock_configuration": [],
            "object_lock_enabled": false,
            "policy": "",
            "region": "us-east-1",
            "replication_configuration": [],
            "request_payer": "BucketOwner",
            "server_side_encryption_configuration": [
              {
                "rule": [
                  {
                    "apply_server_side_encryption_by_default": [
                      {
                        "kms_master_key_id": "",
                        "sse_algorithm": "AES256"
                      }
                    ],
                    "bucket_key_enabled": false
                  }
                ]
              }
            ],
            "tags": null,
            "tags_all": {},
            "timeouts": null,
            "versioning": [
              {
                "enabled": false,
                "mfa_delete": false
              }
            ],
            "website": [],
            "website_domain": null,
            "website_endpoint": null
          },
          "sensitive_attributes": [],
          "identity_schema_version": 0,
          "private": "eyJlMmJmYjczMC1lY2FhLTExZTYtOGY4OC0zNDM2M2JjN2M0YzAiOnsiY3JlYXRlIjoxMjAwMDAwMDAwMDAwLCJkZWxldGUiOjM2MDAwMDAwMDAwMDAsInJlYWQiOjEyMDAwMDAwMDAwMDAsInVwZGF0ZSI6MTIwMDAwMDAwMDAwMH19",
          "dependencies": [
            "random_id.ran_id"
          ]
        }
      ]
    },
    {
      "mode": "managed",
      "type": "aws_s3_bucket_policy",
      "name": "public_read",
      "provider": "provider[\"registry.terraform.io/hashicorp/aws\"]",
      "instances": [
        {
          "schema_version": 0,
          "attributes": {
            "bucket": "ahmmed-bucket-d6de6e9e2cc4a6b4",
            "id": "ahmmed-bucket-d6de6e9e2cc4a6b4",
            "policy": "{\"Statement\":[{\"Action\":\"s3:GetObject\",\"Effect\":\"Allow\",\"Principal\":\"*\",\"Resource\":\"arn:aws:s3:::ahmmed-bucket-d6de6e9e2cc4a6b4/*\",\"Sid\":\"PublicReadGetObject\"}],\"Version\":\"2012-10-17\"}"
          },
          "sensitive_attributes": [],
          "identity_schema_version": 0,
          "private": "bnVsbA==",
          "dependencies": [
            "aws_s3_bucket.s3bucket",
            "random_id.ran_id"
          ]
        }
      ]
    },
    {
      "mode": "managed",
      "type": "aws_s3_bucket_public_access_block",
      "name": "allow_public",
      "provider": "provider[\"registry.terraform.io/hashicorp/aws\"]",
      "instances": [
        {
          "schema_version": 0,
          "attributes": {
            "block_public_acls": false,
            "block_public_policy": false,
            "bucket": "ahmmed-bucket-d6de6e9e2cc4a6b4",
            "id": "ahmmed-bucket-d6de6e9e2cc4a6b4",
            "ignore_public_acls": false,
            "restrict_public_buckets": false
          },
          "sensitive_attributes": [],
          "identity_schema_version": 0,
          "private": "bnVsbA==",
          "dependencies": [
            "aws_s3_bucket.s3bucket",
            "random_id.ran_id"
          ]
        }
      ]
    },
    {
      "mode": "managed",
      "type": "aws_s3_bucket_website_configuration",
      "name": "web_config",
      "provider": "provider[\"registry.terraform.io/hashicorp/aws\"]",
      "instances": [
        {
          "schema_version": 0,
          "attributes": {
            "bucket": "ahmmed-bucket-d6de6e9e2cc4a6b4",
            "error_document": [],
            "expected_bucket_owner": "",
            "id": "ahmmed-bucket-d6de6e9e2cc4a6b4",
            "index_document": [
              {
                "suffix": "index.html"
              }
            ],
            "redirect_all_requests_to": [],
            "routing_rule": [],
            "routing_rules": "",
            "website_domain": "s3-website-us-east-1.amazonaws.com",
            "website_endpoint": "ahmmed-bucket-d6de6e9e2cc4a6b4.s3-website-us-east-1.amazonaws.com"
          },
          "sensitive_attributes": [],
          "identity_schema_version": 0,
          "private": "bnVsbA==",
          "dependencies": [
            "aws_s3_bucket.s3bucket",
            "random_id.ran_id"
          ]
        }
      ]
    },
    {
      "mode": "managed",
      "type": "random_id",
      "name": "ran_id",
      "provider": "provider[\"registry.terraform.io/hashicorp/random\"]",
      "instances": [
        {
          "schema_version": 0,
          "attributes": {
            "b64_std": "1t5unizEprQ=",
            "b64_url": "1t5unizEprQ",
            "byte_length": 8,
            "dec": "15482934194581317300",
            "hex": "d6de6e9e2cc4a6b4",
            "id": "1t5unizEprQ",
            "keepers": null,
            "prefix": null
          },
          "sensitive_attributes": [],
          "identity_schema_version": 0
        }
      ]
    }
  ],
  "check_results": null
}
